{
  "requires": true,
  "lockfileVersion": 1,
  "dependencies": {
    "lix": {
      "version": "15.9.1",
      "resolved": "https://registry.npmjs.org/lix/-/lix-15.9.1.tgz",
      "integrity": "sha512-HOK+F/IFO9E3SqfBVFDnCGIDX7Hqee8RleBuQKQQ2UWh/qZ5WqVV4XTFgYgMVS0g+fwtZuuULOiAEqCQkSo3YA=="
    }
  }
}
